
Microsoft Visual Studio Solution File, Format Version 12.00
# Visual Studio 15
Project("{FAE04EC0-301F-11D3-BF4B-00C04F79EFBC}") = "Assembly-CSharp", "Assembly-CSharp.csproj", "{6B492503-23E4-60F9-9BA7-942DD06EBF36}"
EndProject
Global
	GlobalSection(SolutionConfigurationPlatforms) = preSolution
		Debug|Any CPU = Debug|Any CPU
		Release|Any CPU = Release|Any CPU
	EndGlobalSection
	GlobalSection(ProjectConfigurationPlatforms) = postSolution
		{6B492503-23E4-60F9-9BA7-942DD06EBF36}.Debug|Any CPU.ActiveCfg = Debug|Any CPU
		{6B492503-23E4-60F9-9BA7-942DD06EBF36}.Debug|Any CPU.Build.0 = Debug|Any CPU
		{6B492503-23E4-60F9-9BA7-942DD06EBF36}.Release|Any CPU.ActiveCfg = Release|Any CPU
		{6B492503-23E4-60F9-9BA7-942DD06EBF36}.Release|Any CPU.Build.0 = Release|Any CPU
	EndGlobalSection
	GlobalSection(SolutionProperties) = preSolution
		HideSolutionNode = FALSE
	EndGlobalSection
EndGlobal
